# Android Studio — PATH BLOCCATO
#
# Unica cartella da aprire (Windows, dopo `make android-sync WIN=1`):
#
#   C:\dev\kor35-app\android
#
# NON cambiare questo path senza richiesta esplicita dell'utente.
# NON usare C:\dev\kor35-app (parent) né C:\dev\kor35-android.
#
# Controlli: `make android-path` deve stampare esattamente quella stringa.
